{
  "version": 4,
  "terraform_version": "1.14.3",
  "serial": 66,
  "lineage": "e5f5de2f-2ceb-72ea-2230-8e0075cf75c8",
  "outputs": {
    "alb_dns_name": {
      "value": "wp-targets-alb-1392351630.us-east-1.elb.amazonaws.com",
      "type": "string"
    },
    "ssh_private_key_pem": {
      "value": "-----BEGIN RSA PRIVATE KEY-----\nMIIJKAIBAAKCAgEAnCGUSifxMhULtYci8xDwNABjjEoiZ5lg5YOAnF/Jz1DimTmp\npSz6MEIZqcZipSZuxp146wqY9sqxKg0p74tZs30oEMCxVbFLiltCkJa6akH9NAlm\nQp9x2rKoYneL6UBgagNffDHiH4D+RfblvlZo7VUG87aGl4RxDS+f3r44BT4wK3aL\nQ6neIFDFtv6j9a0U3sAwMKAUZz0/SqYY4w6dPhLS7ybxdwoEkxdRACX23P65Y+bc\n1A0Dhcv/uyW9bvLElOzH4OURsr+iRypa1QSMFRKNOscQh6AB2Kw0yl0H4bDStbYo\nk1ODBx1RwXNcF8o3SLO25u8nwM0zlcl6T9vkgXMLR10t96ZU6qVfqABpgW/oatob\nj+vwi/A20gUJ4B3O+YIeZ5CpGq2lyn5Xi2fFTaSXa4o5VX9G+N+ZD1g1ideRPa6t\nPAoPEPokcCdZYQCX22TqiEZqS0Aaq00hAIMpva/CmvgPiXWYLbndKFX+Jr9fNav8\nXhm5S7egs8g0L85j5zSwRKYm1+w62EWZyGj5E8FEaOsiVZjZyiOh4a8Ujf0gC91F\nupuUTdCTFjMhA08Bi4AZuRX6LByKrSbNGU5tMh433MbjPMSSM+E+GzpRAdxOyV9g\n98WiB1uEAvWoqaxsNuRzYxxgynNTcL83Hq0aIlpd6+BY3JhUhSLo9PfsGWECAwEA\nAQKCAgADw4543toict3vpXSa/Kf3GkxMEUHKPWkX11ymHcFhI/92d1dRjKedEAw2\nKtAYJaNK2qMpMr30cyH5aXb+7UfUuyTDCfYsd+6iL6gyO/lTVEhs9Pi4DJ0jddD3\n4Lm+KN0PfonSgLxateggr9P4NkqSGs2Pr1vdcrtWo0oyGzlWrQS0bjJAx8CmXEl2\nliXF54Mxidtk4ghj4xbab0MkftFyceSPuzYGgIwS2gohRrOwaQah89U+hRrLjVsF\nUWKt9ksgFk43lnt0/kgvTtmA5FAWi6DdJM059nTyRYKB9LiwK5cE0OxM/ZjSzCrl\n+ZM5MpjfFzqxT1zQudGvdSY49Hbfe2QMiEfIsX09nCCPkJyXsYyJR3k3HClJU190\nI7irifdm9fYtV1EMVXDwgHJ5O3u3S8n4Sryj2g97FsrbAF3I8GxFIr2nYTm2hCtB\nN+H93qrlkXMahx0EsoBH4/TuE4Esr5yQorbEqc//7Kg1CJ5STWWRDq/JgTh0K5gf\nn7qVqjdwzCynf4wcr7XReA0auhgsjPU3BkFfE2XwcKu3c8fAkN52Kb3pQwi7sobT\nWjwiOpgMBx1f7rY9fNwr+LzuKzaA6BwY/doy2+pOCzoMToWqGmSOG2sQaOqWjRPc\np4vKrekjY7nrfFoL8URS5quFF6AKzaokjsWzjj/Mz+Zb+0KjHQKCAQEAyQpGQTvq\nKk4+PCVqopuV03Gdd3c2vmyCHDqh6bJkKlXb3eZO1WT29t8Md6hA6k1y4daz+oG/\nVO/UTr7FljNJiNRaJuDOSqv75RMxywd4NdLRG2rDOSa2OFPzWA9riVAIsZzHoclg\n5XD8fIct/NgvoPcLiwOljXAGSXa6AmuLxw4mb5IdYw+RmhbPWR3zzIdLveI3aH1w\nWaf/ohXunwvKl0x5XWmqg9v6++4Wp18tnGWG/qsuj7Dp3TjISyb5ZlRVs/syxDsn\ntmS2qaRAscoHupijMjl4+Oh7W4aZR8foKwnP35SX65dncIBKS0Cqf7ygiL70XpB6\nJMRI2mHQmoFjzQKCAQEAxtBducTuNUuksgHOq1pCfg8Z+MRq4vFmXTWj8jdKspoB\nx7x4QGGlVEvnIjGonJ0y1r92MA+Hk60QZwDAJENP817wrjG1E1iXjVxPgBviVsOm\n1jKa0gGSDn2eTc+yQr0QSwFzCy/bsSQdpgrbmoMNl7XheDYkJpb1BtjGXUBqG1Q9\nCATA6ySGCt9DUU+XONmmBMyBBQ7I9IxoXPuOruOIrm06q9ASXrf5uVMYn9aNz/Jn\nBeIeHCBCRYhImr5E72a2X2gxvD/AkDJiPzcWrVBIqxcxpQShwv1WGMuQNERKBtJi\n/XmAb3ma3KZSFON+ben5m/8ZD83QRyKwzqoGi3gf5QKCAQA6Eb+tRBMlWShc0yn0\nAiDKzHyBb2veoRUL9luiVybbm6VAeS+4L8uuD0tYnL7zbp+KYCvoZeXQMN4QSMZl\n1jadUUkhBbpQk1DVIDA3xtaQJW7FDpeJQIdNyeH2Q636IaYBN5nqP3K/k1060wkT\niZZoVjN9WfZN3lfSjHq6DDp5qrqra3cVj/+slH4b7azoHQRhup/qjKERJJeQR+l/\nAzbncO11b/oS0E20y1a7zaAtFp5hnSx70MwcXDRukLllN2Lx89L8H2IfKwQgCBOv\nxv1ohoJNFZC9xNks3LoVo8aJ9/GVUSR4pmj4c/YBupIFB4UPOqj3T6AYUqIAglRw\n7ILZAoIBAQCpukbZiirGav5+TRavqI2tap0EiEKr3eRC3MFKzjNCCEJOzzJl3Da1\noVsAER7eHUHCnY97djaLNysSlEx0aNa/cSTNwXfRvUccklr4hlWTNtKeeHM9p8OW\nBV35FcAcQ6W+Ms2RFllaf/ejwg86eHlJNCf5ZVc1bpheMQAfqhcrn52+07gSxop8\ni5+/sc/q47xcym228KlURO3vu35TBcKxDmUROsAEBtH1ieAyzIsipNGY7zI/Vrbc\n/3zkRl05eBlnl98l09NEBw9i4lfEvA5dqZ5jP3INshMnddl1FXuRGVkTBgBEqq8v\ngfn/BTvw/9dterldiZousIn61KJjvLiVAoIBABPtCESUoqW9AkFXouh75Id708Tr\nhMNHWDm+Wvm0qTqRChCcWt7GbCYuTZ6TbZPFNU9QXILF/mEbzIySfiPesTZdBmmq\nxtUpmMUbAZ8KmkiYDooi9GQHEuvQeGHExknsEMT7lqSs2TiSnQus/EmDgwlT2bI2\nFfvXZr7nGvJ+CvMmpq501c/8Uf52IxHecfLkQ/Bu6GEewcwkk8kDjukv+mRgzkSj\nJanYmIYjl4d83O3LOOLpFs6KjlVZtCt1yhjZuxoWzts/L4TX9NNDYqos9/mXlQzj\nzWzeOP+ltAgTjFZ7mZAxEar3Wwyy1UjTPxSzfEkSqth6x+X7+Jc+BdWi9QY=\n-----END RSA PRIVATE KEY-----\n",
      "type": "string",
      "sensitive": true
    }
  },
  "resources": [
    {
      "mode": "data",
      "type": "aws_ami",
      "name": "amazon_linux_2",
      "provider": "provider[\"registry.terraform.io/hashicorp/aws\"]",
      "instances": [
        {
          "schema_version": 0,
          "attributes": {
            "architecture": "x86_64",
            "arn": "arn:aws:ec2:us-east-1::image/ami-0771b6766e1e61632",
            "block_device_mappings": [
              {
                "device_name": "/dev/xvda",
                "ebs": {
                  "delete_on_termination": "true",
                  "encrypted": "false",
                  "iops": "0",
                  "snapshot_id": "snap-0cd561962551d8ac5",
                  "throughput": "0",
                  "volume_initialization_rate": "0",
                  "volume_size": "8",
                  "volume_type": "gp2"
                },
                "no_device": "",
                "virtual_name": ""
              }
            ],
            "boot_mode": "",
            "creation_date": "2026-01-09T22:09:24.000Z",
            "deprecation_time": "2026-04-09T00:00:00.000Z",
            "description": "Amazon Linux 2 AMI 2.0.20260109.1 x86_64 HVM gp2",
            "ena_support": true,
            "executable_users": null,
            "filter": [
              {
                "name": "name",
                "values": [
                  "amzn2-ami-hvm-*-x86_64-gp2"
                ]
              }
            ],
            "hypervisor": "xen",
            "id": "ami-0771b6766e1e61632",
            "image_id": "ami-0771b6766e1e61632",
            "image_location": "amazon/amzn2-ami-hvm-2.0.20260109.1-x86_64-gp2",
            "image_owner_alias": "amazon",
            "image_type": "machine",
            "imds_support": "",
            "include_deprecated": false,
            "kernel_id": "",
            "last_launched_time": "",
            "most_recent": true,
            "name": "amzn2-ami-hvm-2.0.20260109.1-x86_64-gp2",
            "name_regex": null,
            "owner_id": "137112412989",
            "owners": [
              "amazon"
            ],
            "platform": "",
            "platform_details": "Linux/UNIX",
            "product_codes": [],
            "public": true,
            "ramdisk_id": "",
            "root_device_name": "/dev/xvda",
            "root_device_type": "ebs",
            "root_snapshot_id": "snap-0cd561962551d8ac5",
            "sriov_net_support": "simple",
            "state": "available",
            "state_reason": {
              "code": "UNSET",
              "message": "UNSET"
            },
            "tags": {},
            "timeouts": null,
            "tpm_support": "",
            "uefi_data": null,
            "usage_operation": "RunInstances",
            "virtualization_type": "hvm"
          },
          "sensitive_attributes": [],
          "identity_schema_version": 0
        }
      ]
    },
    {
      "mode": "data",
      "type": "aws_availability_zones",
      "name": "available",
      "provider": "provider[\"registry.terraform.io/hashicorp/aws\"]",
      "instances": [
        {
          "schema_version": 0,
          "attributes": {
            "all_availability_zones": null,
            "exclude_names": null,
            "exclude_zone_ids": null,
            "filter": null,
            "group_names": [
              "us-east-1-zg-1"
            ],
            "id": "us-east-1",
            "names": [
              "us-east-1a",
              "us-east-1b",
              "us-east-1c",
              "us-east-1d",
              "us-east-1e",
              "us-east-1f"
            ],
            "state": "available",
            "timeouts": null,
            "zone_ids": [
              "use1-az1",
              "use1-az2",
              "use1-az4",
              "use1-az6",
              "use1-az3",
              "use1-az5"
            ]
          },
          "sensitive_attributes": [],
          "identity_schema_version": 0
        }
      ]
    },
    {
      "mode": "managed",
      "type": "aws_autoscaling_group",
      "name": "wp_targets",
      "provider": "provider[\"registry.terraform.io/hashicorp/aws\"]",
      "instances": [
        {
          "schema_version": 1,
          "attributes": {
            "arn": "arn:aws:autoscaling:us-east-1:044514005641:autoScalingGroup:85e74b72-87af-4933-9f31-c3b98900ff9c:autoScalingGroupName/wp-targets-asg",
            "availability_zone_distribution": [
              {
                "capacity_distribution_strategy": "balanced-best-effort"
              }
            ],
            "availability_zones": [
              "us-east-1a",
              "us-east-1b"
            ],
            "capacity_rebalance": false,
            "capacity_reservation_specification": [
              {
                "capacity_reservation_preference": "default",
                "capacity_reservation_target": []
              }
            ],
            "context": "",
            "default_cooldown": 300,
            "default_instance_warmup": 0,
            "desired_capacity": 1,
            "desired_capacity_type": "",
            "enabled_metrics": null,
            "force_delete": false,
            "force_delete_warm_pool": false,
            "health_check_grace_period": 300,
            "health_check_type": "EC2",
            "id": "wp-targets-asg",
            "ignore_failed_scaling_activities": false,
            "initial_lifecycle_hook": [],
            "instance_maintenance_policy": [],
            "instance_refresh": [],
            "launch_configuration": "",
            "launch_template": [
              {
                "id": "lt-0943df36b3152a947",
                "name": "wp-targets-lt-20260114163610885100000004",
                "version": "$Latest"
              }
            ],
            "load_balancers": [],
            "max_instance_lifetime": 0,
            "max_size": 5,
            "metrics_granularity": "1Minute",
            "min_elb_capacity": null,
            "min_size": 1,
            "mixed_instances_policy": [],
            "name": "wp-targets-asg",
            "name_prefix": "",
            "placement_group": "",
            "predicted_capacity": 0,
            "protect_from_scale_in": false,
            "service_linked_role_arn": "arn:aws:iam::044514005641:role/aws-service-role/autoscaling.amazonaws.com/AWSServiceRoleForAutoScaling",
            "suspended_processes": null,
            "tag": [
              {
                "key": "Name",
                "propagate_at_launch": true,
                "value": "wp-target-host"
              }
            ],
            "target_group_arns": [
              "arn:aws:elasticloadbalancing:us-east-1:044514005641:targetgroup/wp-targets-tg/08695f0f6e7e5fbf"
            ],
            "termination_policies": null,
            "timeouts": null,
            "traffic_source": [
              {
                "identifier": "arn:aws:elasticloadbalancing:us-east-1:044514005641:targetgroup/wp-targets-tg/08695f0f6e7e5fbf",
                "type": "elbv2"
              }
            ],
            "vpc_zone_identifier": [
              "subnet-0b1a61569fa9d5c1e",
              "subnet-0b3a186439e8a5e83"
            ],
            "wait_for_capacity_timeout": "10m",
            "wait_for_elb_capacity": null,
            "warm_pool": [],
            "warm_pool_size": 0
          },
          "sensitive_attributes": [],
          "identity_schema_version": 0,
          "private": "eyJlMmJmYjczMC1lY2FhLTExZTYtOGY4OC0zNDM2M2JjN2M0YzAiOnsiZGVsZXRlIjo2MDAwMDAwMDAwMDAsInVwZGF0ZSI6NjAwMDAwMDAwMDAwfSwic2NoZW1hX3ZlcnNpb24iOiIxIn0=",
          "dependencies": [
            "aws_iam_instance_profile.wp_targets",
            "aws_iam_role.wp_targets",
            "aws_key_pair.wp_targets",
            "aws_launch_template.wp_targets",
            "aws_lb_target_group.wp_targets",
            "aws_security_group.alb",
            "aws_security_group.wp_targets",
            "aws_subnet.public",
            "aws_vpc.wp_targets",
            "data.aws_ami.amazon_linux_2",
            "data.aws_availability_zones.available",
            "tls_private_key.wp_targets"
          ]
        }
      ]
    },
    {
      "mode": "managed",
      "type": "aws_iam_instance_profile",
      "name": "wp_targets",
      "provider": "provider[\"registry.terraform.io/hashicorp/aws\"]",
      "instances": [
        {
          "schema_version": 0,
          "attributes": {
            "arn": "arn:aws:iam::044514005641:instance-profile/wp-targets-ec2-instance-profile",
            "create_date": "2026-01-14T16:35:48Z",
            "id": "wp-targets-ec2-instance-profile",
            "name": "wp-targets-ec2-instance-profile",
            "name_prefix": "",
            "path": "/",
            "role": "wp-targets-ec2-role",
            "tags": null,
            "tags_all": {},
            "unique_id": "AIPAQUXJ52KEWCU5JHUWT"
          },
          "sensitive_attributes": [],
          "identity_schema_version": 0,
          "private": "bnVsbA==",
          "dependencies": [
            "aws_iam_role.wp_targets"
          ],
          "create_before_destroy": true
        }
      ]
    },
    {
      "mode": "managed",
      "type": "aws_iam_role",
      "name": "wp_targets",
      "provider": "provider[\"registry.terraform.io/hashicorp/aws\"]",
      "instances": [
        {
          "schema_version": 0,
          "attributes": {
            "arn": "arn:aws:iam::044514005641:role/wp-targets-ec2-role",
            "assume_role_policy": "{\"Statement\":[{\"Action\":\"sts:AssumeRole\",\"Effect\":\"Allow\",\"Principal\":{\"Service\":\"ec2.amazonaws.com\"}}],\"Version\":\"2012-10-17\"}",
            "create_date": "2026-01-14T16:35:46Z",
            "description": "",
            "force_detach_policies": false,
            "id": "wp-targets-ec2-role",
            "inline_policy": [],
            "managed_policy_arns": [],
            "max_session_duration": 3600,
            "name": "wp-targets-ec2-role",
            "name_prefix": "",
            "path": "/",
            "permissions_boundary": "",
            "tags": null,
            "tags_all": {},
            "unique_id": "AROAQUXJ52KEZAUIAVBRO"
          },
          "sensitive_attributes": [],
          "identity_schema_version": 0,
          "private": "bnVsbA==",
          "create_before_destroy": true
        }
      ]
    },
    {
      "mode": "managed",
      "type": "aws_iam_role_policy_attachment",
      "name": "cloudwatch",
      "provider": "provider[\"registry.terraform.io/hashicorp/aws\"]",
      "instances": [
        {
          "schema_version": 0,
          "attributes": {
            "id": "wp-targets-ec2-role-20260114163548073600000001",
            "policy_arn": "arn:aws:iam::aws:policy/CloudWatchAgentServerPolicy",
            "role": "wp-targets-ec2-role"
          },
          "sensitive_attributes": [],
          "identity_schema_version": 0,
          "private": "bnVsbA==",
          "dependencies": [
            "aws_iam_role.wp_targets"
          ]
        }
      ]
    },
    {
      "mode": "managed",
      "type": "aws_iam_role_policy_attachment",
      "name": "ssm",
      "provider": "provider[\"registry.terraform.io/hashicorp/aws\"]",
      "instances": [
        {
          "schema_version": 0,
          "attributes": {
            "id": "wp-targets-ec2-role-20260114163548418300000002",
            "policy_arn": "arn:aws:iam::aws:policy/AmazonSSMManagedInstanceCore",
            "role": "wp-targets-ec2-role"
          },
          "sensitive_attributes": [],
          "identity_schema_version": 0,
          "private": "bnVsbA==",
          "dependencies": [
            "aws_iam_role.wp_targets"
          ]
        }
      ]
    },
    {
      "mode": "managed",
      "type": "aws_internet_gateway",
      "name": "wp_targets",
      "provider": "provider[\"registry.terraform.io/hashicorp/aws\"]",
      "instances": [
        {
          "schema_version": 0,
          "attributes": {
            "arn": "arn:aws:ec2:us-east-1:044514005641:internet-gateway/igw-0b1c04f8645b9cddb",
            "id": "igw-0b1c04f8645b9cddb",
            "owner_id": "044514005641",
            "tags": {
              "Name": "wp-targets-igw"
            },
            "tags_all": {
              "Name": "wp-targets-igw"
            },
            "timeouts": null,
            "vpc_id": "vpc-03ba82902d6825692"
          },
          "sensitive_attributes": [],
          "identity_schema_version": 0,
          "private": "eyJlMmJmYjczMC1lY2FhLTExZTYtOGY4OC0zNDM2M2JjN2M0YzAiOnsiY3JlYXRlIjoxMjAwMDAwMDAwMDAwLCJkZWxldGUiOjEyMDAwMDAwMDAwMDAsInVwZGF0ZSI6MTIwMDAwMDAwMDAwMH19",
          "dependencies": [
            "aws_vpc.wp_targets"
          ]
        }
      ]
    },
    {
      "mode": "managed",
      "type": "aws_key_pair",
      "name": "wp_targets",
      "provider": "provider[\"registry.terraform.io/hashicorp/aws\"]",
      "instances": [
        {
          "schema_version": 1,
          "attributes": {
            "arn": "arn:aws:ec2:us-east-1:044514005641:key-pair/wp-targets-key",
            "fingerprint": "93:3a:16:71:ba:18:df:37:e6:ef:72:45:bb:00:b1:ba",
            "id": "wp-targets-key",
            "key_name": "wp-targets-key",
            "key_name_prefix": "",
            "key_pair_id": "key-0aa1752713ef727a0",
            "key_type": "rsa",
            "public_key": "ssh-rsa AAAAB3NzaC1yc2EAAAADAQABAAACAQCcIZRKJ/EyFQu1hyLzEPA0AGOMSiJnmWDlg4CcX8nPUOKZOamlLPowQhmpxmKlJm7GnXjrCpj2yrEqDSnvi1mzfSgQwLFVsUuKW0KQlrpqQf00CWZCn3Hasqhid4vpQGBqA198MeIfgP5F9uW+VmjtVQbztoaXhHENL5/evjgFPjArdotDqd4gUMW2/qP1rRTewDAwoBRnPT9KphjjDp0+EtLvJvF3CgSTF1EAJfbc/rlj5tzUDQOFy/+7Jb1u8sSU7Mfg5RGyv6JHKlrVBIwVEo06xxCHoAHYrDTKXQfhsNK1tiiTU4MHHVHBc1wXyjdIs7bm7yfAzTOVyXpP2+SBcwtHXS33plTqpV+oAGmBb+hq2huP6/CL8DbSBQngHc75gh5nkKkaraXKfleLZ8VNpJdrijlVf0b435kPWDWJ15E9rq08Cg8Q+iRwJ1lhAJfbZOqIRmpLQBqrTSEAgym9r8Ka+A+JdZgtud0oVf4mv181q/xeGblLt6CzyDQvzmPnNLBEpibX7DrYRZnIaPkTwURo6yJVmNnKI6HhrxSN/SAL3UW6m5RN0JMWMyEDTwGLgBm5FfosHIqtJs0ZTm0yHjfcxuM8xJIz4T4bOlEB3E7JX2D3xaIHW4QC9aiprGw25HNjHGDKc1NwvzcerRoiWl3r4FjcmFSFIuj09+wZYQ==",
            "tags": null,
            "tags_all": {}
          },
          "sensitive_attributes": [],
          "identity_schema_version": 0,
          "private": "eyJzY2hlbWFfdmVyc2lvbiI6IjEifQ==",
          "dependencies": [
            "tls_private_key.wp_targets"
          ],
          "create_before_destroy": true
        }
      ]
    },
    {
      "mode": "managed",
      "type": "aws_launch_template",
      "name": "wp_targets",
      "provider": "provider[\"registry.terraform.io/hashicorp/aws\"]",
      "instances": [
        {
          "schema_version": 0,
          "attributes": {
            "arn": "arn:aws:ec2:us-east-1:044514005641:launch-template/lt-0943df36b3152a947",
            "block_device_mappings": [],
            "capacity_reservation_specification": [],
            "cpu_options": [],
            "credit_specification": [],
            "default_version": 1,
            "description": "",
            "disable_api_stop": false,
            "disable_api_termination": false,
            "ebs_optimized": "",
            "elastic_gpu_specifications": [],
            "elastic_inference_accelerator": [],
            "enclave_options": [],
            "hibernation_options": [],
            "iam_instance_profile": [
              {
                "arn": "",
                "name": "wp-targets-ec2-instance-profile"
              }
            ],
            "id": "lt-0943df36b3152a947",
            "image_id": "ami-0771b6766e1e61632",
            "instance_initiated_shutdown_behavior": "",
            "instance_market_options": [],
            "instance_requirements": [],
            "instance_type": "t3.medium",
            "kernel_id": "",
            "key_name": "wp-targets-key",
            "latest_version": 1,
            "license_specification": [],
            "maintenance_options": [],
            "metadata_options": [],
            "monitoring": [],
            "name": "wp-targets-lt-20260114163610885100000004",
            "name_prefix": "wp-targets-lt-",
            "network_interfaces": [],
            "placement": [],
            "private_dns_name_options": [],
            "ram_disk_id": "",
            "security_group_names": null,
            "tag_specifications": [],
            "tags": null,
            "tags_all": {},
            "update_default_version": null,
            "user_data": "IyEvYmluL2Jhc2gKIyBFQzIgVXNlciBEYXRhIFNjcmlwdCBmb3IgV29yZFByZXNzIFRhcmdldCBIb3N0cwojIEluc3RhbGxzIERvY2tlciwgTmdpbngsIGFuZCBjb25maWd1cmVzIHRoZSBpbnN0YW5jZSBmb3IgY29udGFpbmVyIGhvc3RpbmcKCnNldCAtZQoKIyBVcGRhdGUgc3lzdGVtCnl1bSB1cGRhdGUgLXkKCiMgSW5zdGFsbCBEb2NrZXIKYW1hem9uLWxpbnV4LWV4dHJhcyBpbnN0YWxsIGRvY2tlciAteQpzeXN0ZW1jdGwgc3RhcnQgZG9ja2VyCnN5c3RlbWN0bCBlbmFibGUgZG9ja2VyCnVzZXJtb2QgLWFHIGRvY2tlciBlYzItdXNlcgoKIyBJbnN0YWxsIE5naW54CmFtYXpvbi1saW51eC1leHRyYXMgaW5zdGFsbCBuZ2lueDEgLXkKc3lzdGVtY3RsIHN0YXJ0IG5naW54CnN5c3RlbWN0bCBlbmFibGUgbmdpbngKCiMgQ3JlYXRlIE5naW54IHNpdGVzIGRpcmVjdG9yaWVzCm1rZGlyIC1wIC9ldGMvbmdpbngvc2l0ZXMtYXZhaWxhYmxlCm1rZGlyIC1wIC9ldGMvbmdpbngvc2l0ZXMtZW5hYmxlZAoKIyBDb25maWd1cmUgTmdpbnggdG8gaW5jbHVkZSBzaXRlcy1lbmFibGVkCmNhdCA+IC9ldGMvbmdpbngvbmdpbnguY29uZiA8PCAnRU9GJwp1c2VyIG5naW54Owp3b3JrZXJfcHJvY2Vzc2VzIGF1dG87CmVycm9yX2xvZyAvdmFyL2xvZy9uZ2lueC9lcnJvci5sb2c7CnBpZCAvcnVuL25naW54LnBpZDsKCmV2ZW50cyB7CiAgICB3b3JrZXJfY29ubmVjdGlvbnMgMTAyNDsKfQoKaHR0cCB7CiAgICBsb2dfZm9ybWF0ICBtYWluICAnJHJlbW90ZV9hZGRyIC0gJHJlbW90ZV91c2VyIFskdGltZV9sb2NhbF0gIiRyZXF1ZXN0IiAnCiAgICAgICAgICAgICAgICAgICAgICAnJHN0YXR1cyAkYm9keV9ieXRlc19zZW50ICIkaHR0cF9yZWZlcmVyIiAnCiAgICAgICAgICAgICAgICAgICAgICAnIiRodHRwX3VzZXJfYWdlbnQiICIkaHR0cF94X2ZvcndhcmRlZF9mb3IiJzsKCiAgICBhY2Nlc3NfbG9nICAvdmFyL2xvZy9uZ2lueC9hY2Nlc3MubG9nICBtYWluOwoKICAgIHNlbmRmaWxlICAgICAgICAgICAgb247CiAgICB0Y3Bfbm9wdXNoICAgICAgICAgIG9uOwogICAgdGNwX25vZGVsYXkgICAgICAgICBvbjsKICAgIGtlZXBhbGl2ZV90aW1lb3V0ICAgNjU7CiAgICB0eXBlc19oYXNoX21heF9zaXplIDQwOTY7CgogICAgaW5jbHVkZSAgICAgICAgICAgICAvZXRjL25naW54L21pbWUudHlwZXM7CiAgICBkZWZhdWx0X3R5cGUgICAgICAgIGFwcGxpY2F0aW9uL29jdGV0LXN0cmVhbTsKICAgIAogICAgaW5jbHVkZSAvZXRjL25naW54L3NpdGVzLWVuYWJsZWQvKi5jb25mOwp9CkVPRgoKIyBSZXN0YXJ0IE5naW54CnN5c3RlbWN0bCByZXN0YXJ0IG5naW54CgojIFB1bGwgV29yZFByZXNzIERvY2tlciBpbWFnZQpkb2NrZXIgcHVsbCBnaGNyLmlvL3QwY3QwYy93b3JkcHJlc3MtbWlncmF0b3I6bGF0ZXN0CgojIEluc3RhbGwgYXQgY29tbWFuZCBmb3IgVFRMIHNjaGVkdWxpbmcKeXVtIGluc3RhbGwgLXkgYXQKc3lzdGVtY3RsIHN0YXJ0IGF0ZApzeXN0ZW1jdGwgZW5hYmxlIGF0ZAoKIyBJbnN0YWxsIENsb3VkV2F0Y2ggQWdlbnQgZm9yIGN1c3RvbSBtZXRyaWNzCndnZXQgaHR0cHM6Ly9zMy5hbWF6b25hd3MuY29tL2FtYXpvbmNsb3Vkd2F0Y2gtYWdlbnQvYW1hem9uX2xpbnV4L2FtZDY0L2xhdGVzdC9hbWF6b24tY2xvdWR3YXRjaC1hZ2VudC5ycG0KcnBtIC1VIC4vYW1hem9uLWNsb3Vkd2F0Y2gtYWdlbnQucnBtCgojIENyZWF0ZSBDbG91ZFdhdGNoIGNvbmZpZyBmb3IgY29udGFpbmVyIGNvdW50IG1ldHJpYwpjYXQgPiAvb3B0L2F3cy9hbWF6b24tY2xvdWR3YXRjaC1hZ2VudC9ldGMvY29uZmlnLmpzb24gPDwgJ0VPRicKewogICJtZXRyaWNzIjogewogICAgIm5hbWVzcGFjZSI6ICJXUFRhcmdldHMiLAogICAgIm1ldHJpY3NfY29sbGVjdGVkIjogewogICAgICAic3RhdHNkIjogewogICAgICAgICJzZXJ2aWNlX2FkZHJlc3MiOiAiOjgxMjUiLAogICAgICAgICJtZXRyaWNzX2NvbGxlY3Rpb25faW50ZXJ2YWwiOiA2MCwKICAgICAgICAibWV0cmljc19hZ2dyZWdhdGlvbl9pbnRlcnZhbCI6IDYwCiAgICAgIH0KICAgIH0KICB9Cn0KRU9GCgojIFN0YXJ0IENsb3VkV2F0Y2ggQWdlbnQKL29wdC9hd3MvYW1hem9uLWNsb3Vkd2F0Y2gtYWdlbnQvYmluL2FtYXpvbi1jbG91ZHdhdGNoLWFnZW50LWN0bCBcCiAgLWEgZmV0Y2gtY29uZmlnIFwKICAtbSBlYzIgXAogIC1zIFwKICAtYyBmaWxlOi9vcHQvYXdzL2FtYXpvbi1jbG91ZHdhdGNoLWFnZW50L2V0Yy9jb25maWcuanNvbgoKIyBDcmVhdGUgc2NyaXB0IHRvIHB1Ymxpc2ggY29udGFpbmVyIGNvdW50IG1ldHJpYwpjYXQgPiAvdXNyL2xvY2FsL2Jpbi9wdWJsaXNoLWNvbnRhaW5lci1jb3VudC5zaCA8PCAnRU9GJwojIS9iaW4vYmFzaApDT05UQUlORVJfQ09VTlQ9JChkb2NrZXIgcHMgLS1maWx0ZXIgIm5hbWU9Y2xpZW50LSIgLS1mb3JtYXQgInt7LklEfX0iIHwgd2MgLWwpCklOU1RBTkNFX0lEPSQoZWMyLW1ldGFkYXRhIC0taW5zdGFuY2UtaWQgfCBjdXQgLWQgIiAiIC1mIDIpCgphd3MgY2xvdWR3YXRjaCBwdXQtbWV0cmljLWRhdGEgXAogIC0tbmFtZXNwYWNlIFdQVGFyZ2V0cyBcCiAgLS1tZXRyaWMtbmFtZSBDb250YWluZXJDb3VudCBcCiAgLS1kaW1lbnNpb25zIEluc3RhbmNlSWQ9JElOU1RBTkNFX0lEIFwKICAtLXZhbHVlICRDT05UQUlORVJfQ09VTlQgXAogIC0tcmVnaW9uIHVzLWVhc3QtMQpFT0YKCmNobW9kICt4IC91c3IvbG9jYWwvYmluL3B1Ymxpc2gtY29udGFpbmVyLWNvdW50LnNoCgojIFNjaGVkdWxlIGNvbnRhaW5lciBjb3VudCBtZXRyaWMgcHVibGlzaGluZyBldmVyeSBtaW51dGUKKGNyb250YWIgLWwgMj4vZGV2L251bGw7IGVjaG8gIiogKiAqICogKiAvdXNyL2xvY2FsL2Jpbi9wdWJsaXNoLWNvbnRhaW5lci1jb3VudC5zaCIpIHwgY3JvbnRhYiAtCgojIENyZWF0ZSBTU0ggZGlyZWN0b3J5IGZvciBzZXJ2aWNlIGFjY2Vzcwpta2RpciAtcCAvaG9tZS9lYzItdXNlci8uc3NoCmNob3duIGVjMi11c2VyOmVjMi11c2VyIC9ob21lL2VjMi11c2VyLy5zc2gKCmVjaG8gIlVzZXIgZGF0YSBzY3JpcHQgY29tcGxldGVkIHN1Y2Nlc3NmdWxseSIK",
            "vpc_security_group_ids": [
              "sg-007ab5176fda39f5a"
            ]
          },
          "sensitive_attributes": [],
          "identity_schema_version": 0,
          "private": "bnVsbA==",
          "dependencies": [
            "aws_iam_instance_profile.wp_targets",
            "aws_iam_role.wp_targets",
            "aws_key_pair.wp_targets",
            "aws_security_group.alb",
            "aws_security_group.wp_targets",
            "aws_vpc.wp_targets",
            "data.aws_ami.amazon_linux_2",
            "tls_private_key.wp_targets"
          ],
          "create_before_destroy": true
        }
      ]
    },
    {
      "mode": "managed",
      "type": "aws_lb",
      "name": "wp_targets",
      "provider": "provider[\"registry.terraform.io/hashicorp/aws\"]",
      "instances": [
        {
          "schema_version": 0,
          "attributes": {
            "access_logs": [
              {
                "bucket": "",
                "enabled": false,
                "prefix": ""
              }
            ],
            "arn": "arn:aws:elasticloadbalancing:us-east-1:044514005641:loadbalancer/app/wp-targets-alb/9deaa3f04bc5506b",
            "arn_suffix": "app/wp-targets-alb/9deaa3f04bc5506b",
            "client_keep_alive": 3600,
            "connection_logs": [
              {
                "bucket": "",
                "enabled": false,
                "prefix": ""
              }
            ],
            "customer_owned_ipv4_pool": "",
            "desync_mitigation_mode": "defensive",
            "dns_name": "wp-targets-alb-1392351630.us-east-1.elb.amazonaws.com",
            "dns_record_client_routing_policy": null,
            "drop_invalid_header_fields": false,
            "enable_cross_zone_load_balancing": true,
            "enable_deletion_protection": false,
            "enable_http2": true,
            "enable_tls_version_and_cipher_suite_headers": false,
            "enable_waf_fail_open": false,
            "enable_xff_client_port": false,
            "enable_zonal_shift": false,
            "enforce_security_group_inbound_rules_on_private_link_traffic": "",
            "id": "arn:aws:elasticloadbalancing:us-east-1:044514005641:loadbalancer/app/wp-targets-alb/9deaa3f04bc5506b",
            "idle_timeout": 60,
            "internal": false,
            "ip_address_type": "ipv4",
            "ipam_pools": [],
            "load_balancer_type": "application",
            "minimum_load_balancer_capacity": [],
            "name": "wp-targets-alb",
            "name_prefix": "",
            "preserve_host_header": false,
            "security_groups": [
              "sg-0ec42580671190c22"
            ],
            "subnet_mapping": [
              {
                "allocation_id": "",
                "ipv6_address": "",
                "outpost_id": "",
                "private_ipv4_address": "",
                "subnet_id": "subnet-0b1a61569fa9d5c1e"
              },
              {
                "allocation_id": "",
                "ipv6_address": "",
                "outpost_id": "",
                "private_ipv4_address": "",
                "subnet_id": "subnet-0b3a186439e8a5e83"
              }
            ],
            "subnets": [
              "subnet-0b1a61569fa9d5c1e",
              "subnet-0b3a186439e8a5e83"
            ],
            "tags": null,
            "tags_all": {},
            "timeouts": null,
            "vpc_id": "vpc-03ba82902d6825692",
            "xff_header_processing_mode": "append",
            "zone_id": "Z35SXDOTRQ7X7K"
          },
          "sensitive_attributes": [],
          "identity_schema_version": 0,
          "private": "eyJlMmJmYjczMC1lY2FhLTExZTYtOGY4OC0zNDM2M2JjN2M0YzAiOnsiY3JlYXRlIjo2MDAwMDAwMDAwMDAsImRlbGV0ZSI6NjAwMDAwMDAwMDAwLCJ1cGRhdGUiOjYwMDAwMDAwMDAwMH19",
          "dependencies": [
            "aws_security_group.alb",
            "aws_subnet.public",
            "aws_vpc.wp_targets",
            "data.aws_availability_zones.available"
          ]
        }
      ]
    },
    {
      "mode": "managed",
      "type": "aws_lb_listener",
      "name": "http",
      "provider": "provider[\"registry.terraform.io/hashicorp/aws\"]",
      "instances": [
        {
          "schema_version": 0,
          "attributes": {
            "alpn_policy": null,
            "arn": "arn:aws:elasticloadbalancing:us-east-1:044514005641:listener/app/wp-targets-alb/9deaa3f04bc5506b/e906e470d368d461",
            "certificate_arn": null,
            "default_action": [
              {
                "authenticate_cognito": [],
                "authenticate_oidc": [],
                "fixed_response": [],
                "forward": [],
                "order": 1,
                "redirect": [],
                "target_group_arn": "arn:aws:elasticloadbalancing:us-east-1:044514005641:targetgroup/wp-targets-tg/08695f0f6e7e5fbf",
                "type": "forward"
              }
            ],
            "id": "arn:aws:elasticloadbalancing:us-east-1:044514005641:listener/app/wp-targets-alb/9deaa3f04bc5506b/e906e470d368d461",
            "load_balancer_arn": "arn:aws:elasticloadbalancing:us-east-1:044514005641:loadbalancer/app/wp-targets-alb/9deaa3f04bc5506b",
            "mutual_authentication": [],
            "port": 80,
            "protocol": "HTTP",
            "routing_http_request_x_amzn_mtls_clientcert_header_name": null,
            "routing_http_request_x_amzn_mtls_clientcert_issuer_header_name": null,
            "routing_http_request_x_amzn_mtls_clientcert_leaf_header_name": null,
            "routing_http_request_x_amzn_mtls_clientcert_serial_number_header_name": null,
            "routing_http_request_x_amzn_mtls_clientcert_subject_header_name": null,
            "routing_http_request_x_amzn_mtls_clientcert_validity_header_name": null,
            "routing_http_request_x_amzn_tls_cipher_suite_header_name": null,
            "routing_http_request_x_amzn_tls_version_header_name": null,
            "routing_http_response_access_control_allow_credentials_header_value": "",
            "routing_http_response_access_control_allow_headers_header_value": "",
            "routing_http_response_access_control_allow_methods_header_value": "",
            "routing_http_response_access_control_allow_origin_header_value": "",
            "routing_http_response_access_control_expose_headers_header_value": "",
            "routing_http_response_access_control_max_age_header_value": "",
            "routing_http_response_content_security_policy_header_value": "",
            "routing_http_response_server_enabled": true,
            "routing_http_response_strict_transport_security_header_value": "",
            "routing_http_response_x_content_type_options_header_value": "",
            "routing_http_response_x_frame_options_header_value": "",
            "ssl_policy": "",
            "tags": null,
            "tags_all": {},
            "tcp_idle_timeout_seconds": null,
            "timeouts": null
          },
          "sensitive_attributes": [],
          "identity_schema_version": 0,
          "private": "eyJlMmJmYjczMC1lY2FhLTExZTYtOGY4OC0zNDM2M2JjN2M0YzAiOnsiY3JlYXRlIjozMDAwMDAwMDAwMDAsInVwZGF0ZSI6MzAwMDAwMDAwMDAwfX0=",
          "dependencies": [
            "aws_lb.wp_targets",
            "aws_lb_target_group.wp_targets",
            "aws_security_group.alb",
            "aws_subnet.public",
            "aws_vpc.wp_targets",
            "data.aws_availability_zones.available"
          ]
        }
      ]
    },
    {
      "mode": "managed",
      "type": "aws_lb_target_group",
      "name": "wp_targets",
      "provider": "provider[\"registry.terraform.io/hashicorp/aws\"]",
      "instances": [
        {
          "schema_version": 0,
          "attributes": {
            "arn": "arn:aws:elasticloadbalancing:us-east-1:044514005641:targetgroup/wp-targets-tg/08695f0f6e7e5fbf",
            "arn_suffix": "targetgroup/wp-targets-tg/08695f0f6e7e5fbf",
            "connection_termination": null,
            "deregistration_delay": "300",
            "health_check": [
              {
                "enabled": true,
                "healthy_threshold": 3,
                "interval": 30,
                "matcher": "200",
                "path": "/",
                "port": "80",
                "protocol": "HTTP",
                "timeout": 5,
                "unhealthy_threshold": 3
              }
            ],
            "id": "arn:aws:elasticloadbalancing:us-east-1:044514005641:targetgroup/wp-targets-tg/08695f0f6e7e5fbf",
            "ip_address_type": "ipv4",
            "lambda_multi_value_headers_enabled": false,
            "load_balancer_arns": [],
            "load_balancing_algorithm_type": "round_robin",
            "load_balancing_anomaly_mitigation": "off",
            "load_balancing_cross_zone_enabled": "use_load_balancer_configuration",
            "name": "wp-targets-tg",
            "name_prefix": "",
            "port": 80,
            "preserve_client_ip": null,
            "protocol": "HTTP",
            "protocol_version": "HTTP1",
            "proxy_protocol_v2": false,
            "slow_start": 0,
            "stickiness": [
              {
                "cookie_duration": 86400,
                "cookie_name": "",
                "enabled": false,
                "type": "lb_cookie"
              }
            ],
            "tags": null,
            "tags_all": {},
            "target_failover": [
              {
                "on_deregistration": null,
                "on_unhealthy": null
              }
            ],
            "target_group_health": [
              {
                "dns_failover": [
                  {
                    "minimum_healthy_targets_count": "1",
                    "minimum_healthy_targets_percentage": "off"
                  }
                ],
                "unhealthy_state_routing": [
                  {
                    "minimum_healthy_targets_count": 1,
                    "minimum_healthy_targets_percentage": "off"
                  }
                ]
              }
            ],
            "target_health_state": [
              {
                "enable_unhealthy_connection_termination": null,
                "unhealthy_draining_interval": null
              }
            ],
            "target_type": "instance",
            "vpc_id": "vpc-03ba82902d6825692"
          },
          "sensitive_attributes": [],
          "identity_schema_version": 0,
          "private": "bnVsbA==",
          "dependencies": [
            "aws_vpc.wp_targets"
          ]
        }
      ]
    },
    {
      "mode": "managed",
      "type": "aws_route_table",
      "name": "public",
      "provider": "provider[\"registry.terraform.io/hashicorp/aws\"]",
      "instances": [
        {
          "schema_version": 0,
          "attributes": {
            "arn": "arn:aws:ec2:us-east-1:044514005641:route-table/rtb-0e5c183a4300699a6",
            "id": "rtb-0e5c183a4300699a6",
            "owner_id": "044514005641",
            "propagating_vgws": [],
            "route": [
              {
                "carrier_gateway_id": "",
                "cidr_block": "0.0.0.0/0",
                "core_network_arn": "",
                "destination_prefix_list_id": "",
                "egress_only_gateway_id": "",
                "gateway_id": "igw-0b1c04f8645b9cddb",
                "ipv6_cidr_block": "",
                "local_gateway_id": "",
                "nat_gateway_id": "",
                "network_interface_id": "",
                "transit_gateway_id": "",
                "vpc_endpoint_id": "",
                "vpc_peering_connection_id": ""
              }
            ],
            "tags": {
              "Name": "wp-targets-public-rt"
            },
            "tags_all": {
              "Name": "wp-targets-public-rt"
            },
            "timeouts": null,
            "vpc_id": "vpc-03ba82902d6825692"
          },
          "sensitive_attributes": [],
          "identity_schema_version": 0,
          "private": "eyJlMmJmYjczMC1lY2FhLTExZTYtOGY4OC0zNDM2M2JjN2M0YzAiOnsiY3JlYXRlIjozMDAwMDAwMDAwMDAsImRlbGV0ZSI6MzAwMDAwMDAwMDAwLCJ1cGRhdGUiOjEyMDAwMDAwMDAwMH19",
          "dependencies": [
            "aws_internet_gateway.wp_targets",
            "aws_vpc.wp_targets"
          ]
        }
      ]
    },
    {
      "mode": "managed",
      "type": "aws_route_table_association",
      "name": "public",
      "provider": "provider[\"registry.terraform.io/hashicorp/aws\"]",
      "instances": [
        {
          "index_key": 0,
          "schema_version": 0,
          "attributes": {
            "gateway_id": "",
            "id": "rtbassoc-0b64d0db45a463901",
            "route_table_id": "rtb-0e5c183a4300699a6",
            "subnet_id": "subnet-0b3a186439e8a5e83",
            "timeouts": null
          },
          "sensitive_attributes": [],
          "identity_schema_version": 0,
          "private": "eyJlMmJmYjczMC1lY2FhLTExZTYtOGY4OC0zNDM2M2JjN2M0YzAiOnsiY3JlYXRlIjozMDAwMDAwMDAwMDAsImRlbGV0ZSI6MzAwMDAwMDAwMDAwLCJ1cGRhdGUiOjEyMDAwMDAwMDAwMH19",
          "dependencies": [
            "aws_internet_gateway.wp_targets",
            "aws_route_table.public",
            "aws_subnet.public",
            "aws_vpc.wp_targets",
            "data.aws_availability_zones.available"
          ]
        },
        {
          "index_key": 1,
          "schema_version": 0,
          "attributes": {
            "gateway_id": "",
            "id": "rtbassoc-067e8a9b28a05887b",
            "route_table_id": "rtb-0e5c183a4300699a6",
            "subnet_id": "subnet-0b1a61569fa9d5c1e",
            "timeouts": null
          },
          "sensitive_attributes": [],
          "identity_schema_version": 0,
          "private": "eyJlMmJmYjczMC1lY2FhLTExZTYtOGY4OC0zNDM2M2JjN2M0YzAiOnsiY3JlYXRlIjozMDAwMDAwMDAwMDAsImRlbGV0ZSI6MzAwMDAwMDAwMDAwLCJ1cGRhdGUiOjEyMDAwMDAwMDAwMH19",
          "dependencies": [
            "aws_internet_gateway.wp_targets",
            "aws_route_table.public",
            "aws_subnet.public",
            "aws_vpc.wp_targets",
            "data.aws_availability_zones.available"
          ]
        }
      ]
    },
    {
      "mode": "managed",
      "type": "aws_security_group",
      "name": "alb",
      "provider": "provider[\"registry.terraform.io/hashicorp/aws\"]",
      "instances": [
        {
          "schema_version": 1,
          "attributes": {
            "arn": "arn:aws:ec2:us-east-1:044514005641:security-group/sg-0ec42580671190c22",
            "description": "ALB SG for WP targets",
            "egress": [
              {
                "cidr_blocks": [
                  "0.0.0.0/0"
                ],
                "description": "",
                "from_port": 0,
                "ipv6_cidr_blocks": [],
                "prefix_list_ids": [],
                "protocol": "-1",
                "security_groups": [],
                "self": false,
                "to_port": 0
              }
            ],
            "id": "sg-0ec42580671190c22",
            "ingress": [
              {
                "cidr_blocks": [
                  "0.0.0.0/0"
                ],
                "description": "",
                "from_port": 80,
                "ipv6_cidr_blocks": [],
                "prefix_list_ids": [],
                "protocol": "tcp",
                "security_groups": [],
                "self": false,
                "to_port": 80
              }
            ],
            "name": "wp-targets-alb-sg",
            "name_prefix": "",
            "owner_id": "044514005641",
            "revoke_rules_on_delete": false,
            "tags": null,
            "tags_all": {},
            "timeouts": null,
            "vpc_id": "vpc-03ba82902d6825692"
          },
          "sensitive_attributes": [],
          "identity_schema_version": 0,
          "private": "eyJlMmJmYjczMC1lY2FhLTExZTYtOGY4OC0zNDM2M2JjN2M0YzAiOnsiY3JlYXRlIjo2MDAwMDAwMDAwMDAsImRlbGV0ZSI6OTAwMDAwMDAwMDAwfSwic2NoZW1hX3ZlcnNpb24iOiIxIn0=",
          "dependencies": [
            "aws_vpc.wp_targets"
          ],
          "create_before_destroy": true
        }
      ]
    },
    {
      "mode": "managed",
      "type": "aws_security_group",
      "name": "wp_targets",
      "provider": "provider[\"registry.terraform.io/hashicorp/aws\"]",
      "instances": [
        {
          "schema_version": 1,
          "attributes": {
            "arn": "arn:aws:ec2:us-east-1:044514005641:security-group/sg-007ab5176fda39f5a",
            "description": "EC2 SG for WP target hosts",
            "egress": [
              {
                "cidr_blocks": [
                  "0.0.0.0/0"
                ],
                "description": "",
                "from_port": 0,
                "ipv6_cidr_blocks": [],
                "prefix_list_ids": [],
                "protocol": "-1",
                "security_groups": [],
                "self": false,
                "to_port": 0
              }
            ],
            "id": "sg-007ab5176fda39f5a",
            "ingress": [
              {
                "cidr_blocks": [
                  "0.0.0.0/0"
                ],
                "description": "",
                "from_port": 22,
                "ipv6_cidr_blocks": [],
                "prefix_list_ids": [],
                "protocol": "tcp",
                "security_groups": [],
                "self": false,
                "to_port": 22
              },
              {
                "cidr_blocks": [],
                "description": "",
                "from_port": 80,
                "ipv6_cidr_blocks": [],
                "prefix_list_ids": [],
                "protocol": "tcp",
                "security_groups": [
                  "sg-0ec42580671190c22"
                ],
                "self": false,
                "to_port": 80
              }
            ],
            "name": "wp-targets-ec2-sg",
            "name_prefix": "",
            "owner_id": "044514005641",
            "revoke_rules_on_delete": false,
            "tags": null,
            "tags_all": {},
            "timeouts": null,
            "vpc_id": "vpc-03ba82902d6825692"
          },
          "sensitive_attributes": [],
          "identity_schema_version": 0,
          "private": "eyJlMmJmYjczMC1lY2FhLTExZTYtOGY4OC0zNDM2M2JjN2M0YzAiOnsiY3JlYXRlIjo2MDAwMDAwMDAwMDAsImRlbGV0ZSI6OTAwMDAwMDAwMDAwfSwic2NoZW1hX3ZlcnNpb24iOiIxIn0=",
          "dependencies": [
            "aws_security_group.alb",
            "aws_vpc.wp_targets"
          ],
          "create_before_destroy": true
        }
      ]
    },
    {
      "mode": "managed",
      "type": "aws_subnet",
      "name": "public",
      "provider": "provider[\"registry.terraform.io/hashicorp/aws\"]",
      "instances": [
        {
          "index_key": 0,
          "schema_version": 1,
          "attributes": {
            "arn": "arn:aws:ec2:us-east-1:044514005641:subnet/subnet-0b3a186439e8a5e83",
            "assign_ipv6_address_on_creation": false,
            "availability_zone": "us-east-1a",
            "availability_zone_id": "use1-az1",
            "cidr_block": "10.0.0.0/20",
            "customer_owned_ipv4_pool": "",
            "enable_dns64": false,
            "enable_lni_at_device_index": 0,
            "enable_resource_name_dns_a_record_on_launch": false,
            "enable_resource_name_dns_aaaa_record_on_launch": false,
            "id": "subnet-0b3a186439e8a5e83",
            "ipv6_cidr_block": "",
            "ipv6_cidr_block_association_id": "",
            "ipv6_native": false,
            "map_customer_owned_ip_on_launch": false,
            "map_public_ip_on_launch": true,
            "outpost_arn": "",
            "owner_id": "044514005641",
            "private_dns_hostname_type_on_launch": "ip-name",
            "tags": {
              "Name": "wp-targets-public-0"
            },
            "tags_all": {
              "Name": "wp-targets-public-0"
            },
            "timeouts": null,
            "vpc_id": "vpc-03ba82902d6825692"
          },
          "sensitive_attributes": [],
          "identity_schema_version": 0,
          "private": "eyJlMmJmYjczMC1lY2FhLTExZTYtOGY4OC0zNDM2M2JjN2M0YzAiOnsiY3JlYXRlIjo2MDAwMDAwMDAwMDAsImRlbGV0ZSI6MTIwMDAwMDAwMDAwMH0sInNjaGVtYV92ZXJzaW9uIjoiMSJ9",
          "dependencies": [
            "aws_vpc.wp_targets",
            "data.aws_availability_zones.available"
          ]
        },
        {
          "index_key": 1,
          "schema_version": 1,
          "attributes": {
            "arn": "arn:aws:ec2:us-east-1:044514005641:subnet/subnet-0b1a61569fa9d5c1e",
            "assign_ipv6_address_on_creation": false,
            "availability_zone": "us-east-1b",
            "availability_zone_id": "use1-az2",
            "cidr_block": "10.0.16.0/20",
            "customer_owned_ipv4_pool": "",
            "enable_dns64": false,
            "enable_lni_at_device_index": 0,
            "enable_resource_name_dns_a_record_on_launch": false,
            "enable_resource_name_dns_aaaa_record_on_launch": false,
            "id": "subnet-0b1a61569fa9d5c1e",
            "ipv6_cidr_block": "",
            "ipv6_cidr_block_association_id": "",
            "ipv6_native": false,
            "map_customer_owned_ip_on_launch": false,
            "map_public_ip_on_launch": true,
            "outpost_arn": "",
            "owner_id": "044514005641",
            "private_dns_hostname_type_on_launch": "ip-name",
            "tags": {
              "Name": "wp-targets-public-1"
            },
            "tags_all": {
              "Name": "wp-targets-public-1"
            },
            "timeouts": null,
            "vpc_id": "vpc-03ba82902d6825692"
          },
          "sensitive_attributes": [],
          "identity_schema_version": 0,
          "private": "eyJlMmJmYjczMC1lY2FhLTExZTYtOGY4OC0zNDM2M2JjN2M0YzAiOnsiY3JlYXRlIjo2MDAwMDAwMDAwMDAsImRlbGV0ZSI6MTIwMDAwMDAwMDAwMH0sInNjaGVtYV92ZXJzaW9uIjoiMSJ9",
          "dependencies": [
            "aws_vpc.wp_targets",
            "data.aws_availability_zones.available"
          ]
        }
      ]
    },
    {
      "mode": "managed",
      "type": "aws_vpc",
      "name": "wp_targets",
      "provider": "provider[\"registry.terraform.io/hashicorp/aws\"]",
      "instances": [
        {
          "schema_version": 1,
          "attributes": {
            "arn": "arn:aws:ec2:us-east-1:044514005641:vpc/vpc-03ba82902d6825692",
            "assign_generated_ipv6_cidr_block": false,
            "cidr_block": "10.0.0.0/16",
            "default_network_acl_id": "acl-0724763a19142180b",
            "default_route_table_id": "rtb-0902061e6c26511af",
            "default_security_group_id": "sg-0d200a7e607770c1b",
            "dhcp_options_id": "dopt-02720bf6d9de6d5d7",
            "enable_dns_hostnames": true,
            "enable_dns_support": true,
            "enable_network_address_usage_metrics": false,
            "id": "vpc-03ba82902d6825692",
            "instance_tenancy": "default",
            "ipv4_ipam_pool_id": null,
            "ipv4_netmask_length": null,
            "ipv6_association_id": "",
            "ipv6_cidr_block": "",
            "ipv6_cidr_block_network_border_group": "",
            "ipv6_ipam_pool_id": "",
            "ipv6_netmask_length": 0,
            "main_route_table_id": "rtb-0902061e6c26511af",
            "owner_id": "044514005641",
            "tags": {
              "Name": "wp-targets-vpc"
            },
            "tags_all": {
              "Name": "wp-targets-vpc"
            }
          },
          "sensitive_attributes": [],
          "identity_schema_version": 0,
          "private": "eyJzY2hlbWFfdmVyc2lvbiI6IjEifQ==",
          "create_before_destroy": true
        }
      ]
    },
    {
      "mode": "managed",
      "type": "tls_private_key",
      "name": "wp_targets",
      "provider": "provider[\"registry.terraform.io/hashicorp/tls\"]",
      "instances": [
        {
          "schema_version": 1,
          "attributes": {
            "algorithm": "RSA",
            "ecdsa_curve": "P224",
            "id": "35598a1e1bc6fb278fa0a2937c5ec6950ceb622d",
            "private_key_openssh": "-----BEGIN OPENSSH PRIVATE KEY-----\nb3BlbnNzaC1rZXktdjEAAAAABG5vbmUAAAAEbm9uZQAAAAAAAAABAAACFwAAAAdz\nc2gtcnNhAAAAAwEAAQAAAgEAnCGUSifxMhULtYci8xDwNABjjEoiZ5lg5YOAnF/J\nz1DimTmppSz6MEIZqcZipSZuxp146wqY9sqxKg0p74tZs30oEMCxVbFLiltCkJa6\nakH9NAlmQp9x2rKoYneL6UBgagNffDHiH4D+RfblvlZo7VUG87aGl4RxDS+f3r44\nBT4wK3aLQ6neIFDFtv6j9a0U3sAwMKAUZz0/SqYY4w6dPhLS7ybxdwoEkxdRACX2\n3P65Y+bc1A0Dhcv/uyW9bvLElOzH4OURsr+iRypa1QSMFRKNOscQh6AB2Kw0yl0H\n4bDStbYok1ODBx1RwXNcF8o3SLO25u8nwM0zlcl6T9vkgXMLR10t96ZU6qVfqABp\ngW/oatobj+vwi/A20gUJ4B3O+YIeZ5CpGq2lyn5Xi2fFTaSXa4o5VX9G+N+ZD1g1\nideRPa6tPAoPEPokcCdZYQCX22TqiEZqS0Aaq00hAIMpva/CmvgPiXWYLbndKFX+\nJr9fNav8Xhm5S7egs8g0L85j5zSwRKYm1+w62EWZyGj5E8FEaOsiVZjZyiOh4a8U\njf0gC91FupuUTdCTFjMhA08Bi4AZuRX6LByKrSbNGU5tMh433MbjPMSSM+E+GzpR\nAdxOyV9g98WiB1uEAvWoqaxsNuRzYxxgynNTcL83Hq0aIlpd6+BY3JhUhSLo9Pfs\nGWEAAAc4+q7ye/qu8nsAAAAHc3NoLXJzYQAAAgEAnCGUSifxMhULtYci8xDwNABj\njEoiZ5lg5YOAnF/Jz1DimTmppSz6MEIZqcZipSZuxp146wqY9sqxKg0p74tZs30o\nEMCxVbFLiltCkJa6akH9NAlmQp9x2rKoYneL6UBgagNffDHiH4D+RfblvlZo7VUG\n87aGl4RxDS+f3r44BT4wK3aLQ6neIFDFtv6j9a0U3sAwMKAUZz0/SqYY4w6dPhLS\n7ybxdwoEkxdRACX23P65Y+bc1A0Dhcv/uyW9bvLElOzH4OURsr+iRypa1QSMFRKN\nOscQh6AB2Kw0yl0H4bDStbYok1ODBx1RwXNcF8o3SLO25u8nwM0zlcl6T9vkgXML\nR10t96ZU6qVfqABpgW/oatobj+vwi/A20gUJ4B3O+YIeZ5CpGq2lyn5Xi2fFTaSX\na4o5VX9G+N+ZD1g1ideRPa6tPAoPEPokcCdZYQCX22TqiEZqS0Aaq00hAIMpva/C\nmvgPiXWYLbndKFX+Jr9fNav8Xhm5S7egs8g0L85j5zSwRKYm1+w62EWZyGj5E8FE\naOsiVZjZyiOh4a8Ujf0gC91FupuUTdCTFjMhA08Bi4AZuRX6LByKrSbNGU5tMh43\n3MbjPMSSM+E+GzpRAdxOyV9g98WiB1uEAvWoqaxsNuRzYxxgynNTcL83Hq0aIlpd\n6+BY3JhUhSLo9PfsGWEAAAADAQABAAACAAPDjnje2iJy3e+ldJr8p/caTEwRQco9\naRfXXKYdwWEj/3Z3V1GMp50QDDYq0Bglo0raoykyvfRzIflpdv7tR9S7JMMJ9ix3\n7qIvqDI7+VNUSGz0+LgMnSN10Pfgub4o3Q9+idKAvFq16CCv0/g2SpIazY+vW91y\nu1ajSjIbOVatBLRuMkDHwKZcSXaWJcXngzGJ22TiCGPjFtpvQyR+0XJx5I+7NgaA\njBLaCiFGs7BpBqHz1T6FGsuNWwVRYq32SyAWTjeWe3T+SC9O2YDkUBaLoN0kzTn2\ndPJFgoH0uLArlwTQ7Ez9mNLMKuX5kzkymN8XOrFPXNC50a91Jjj0dt97ZAyIR8ix\nfT2cII+QnJexjIlHeTccKUlTX3QjuKuJ92b19i1XUQxVcPCAcnk7e7dLyfhKvKPa\nD3sWytsAXcjwbEUivadhObaEK0E34f3equWRcxqHHQSygEfj9O4TgSyvnJCitsSp\nz//sqDUInlJNZZEOr8mBOHQrmB+fupWqN3DMLKd/jByvtdF4DRq6GCyM9TcGQV8T\nZfBwq7dzx8CQ3nYpvelDCLuyhtNaPCI6mAwHHV/utj183Cv4vO4rNoDoHBj92jLb\n6k4LOgxOhaoaZI4baxBo6paNE9yni8qt6SNjuet8WgvxRFLmq4UXoArNqiSOxbOO\nP8zP5lv7QqMdAAABABPtCESUoqW9AkFXouh75Id708TrhMNHWDm+Wvm0qTqRChCc\nWt7GbCYuTZ6TbZPFNU9QXILF/mEbzIySfiPesTZdBmmqxtUpmMUbAZ8KmkiYDooi\n9GQHEuvQeGHExknsEMT7lqSs2TiSnQus/EmDgwlT2bI2FfvXZr7nGvJ+CvMmpq50\n1c/8Uf52IxHecfLkQ/Bu6GEewcwkk8kDjukv+mRgzkSjJanYmIYjl4d83O3LOOLp\nFs6KjlVZtCt1yhjZuxoWzts/L4TX9NNDYqos9/mXlQzjzWzeOP+ltAgTjFZ7mZAx\nEar3Wwyy1UjTPxSzfEkSqth6x+X7+Jc+BdWi9QYAAAEBAMkKRkE76ipOPjwlaqKb\nldNxnXd3Nr5sghw6oemyZCpV293mTtVk9vbfDHeoQOpNcuHWs/qBv1Tv1E6+xZYz\nSYjUWibgzkqr++UTMcsHeDXS0RtqwzkmtjhT81gPa4lQCLGcx6HJYOVw/HyHLfzY\nL6D3C4sDpY1wBkl2ugJri8cOJm+SHWMPkZoWz1kd88yHS73iN2h9cFmn/6IV7p8L\nypdMeV1pqoPb+vvuFqdfLZxlhv6rLo+w6d04yEsm+WZUVbP7MsQ7J7ZktqmkQLHK\nB7qYozI5ePjoe1uGmUfH6CsJz9+Ul+uXZ3CASktAqn+8oIi+9F6QeiTESNph0JqB\nY80AAAEBAMbQXbnE7jVLpLIBzqtaQn4PGfjEauLxZl01o/I3SrKaAce8eEBhpVRL\n5yIxqJydMta/djAPh5OtEGcAwCRDT/Ne8K4xtRNYl41cT4Ab4lbDptYymtIBkg59\nnk3PskK9EEsBcwsv27EkHaYK25qDDZe14Xg2JCaW9QbYxl1AahtUPQgEwOskhgrf\nQ1FPlzjZpgTMgQUOyPSMaFz7jq7jiK5tOqvQEl63+blTGJ/Wjc/yZwXiHhwgQkWI\nSJq+RO9mtl9oMbw/wJAyYj83Fq1QSKsXMaUEocL9VhjLkDRESgbSYv15gG95mtym\nUhTjfm3p+Zv/GQ/N0EcisM6qBot4H+UAAAAAAQID\n-----END OPENSSH PRIVATE KEY-----\n",
            "private_key_pem": "-----BEGIN RSA PRIVATE KEY-----\nMIIJKAIBAAKCAgEAnCGUSifxMhULtYci8xDwNABjjEoiZ5lg5YOAnF/Jz1DimTmp\npSz6MEIZqcZipSZuxp146wqY9sqxKg0p74tZs30oEMCxVbFLiltCkJa6akH9NAlm\nQp9x2rKoYneL6UBgagNffDHiH4D+RfblvlZo7VUG87aGl4RxDS+f3r44BT4wK3aL\nQ6neIFDFtv6j9a0U3sAwMKAUZz0/SqYY4w6dPhLS7ybxdwoEkxdRACX23P65Y+bc\n1A0Dhcv/uyW9bvLElOzH4OURsr+iRypa1QSMFRKNOscQh6AB2Kw0yl0H4bDStbYo\nk1ODBx1RwXNcF8o3SLO25u8nwM0zlcl6T9vkgXMLR10t96ZU6qVfqABpgW/oatob\nj+vwi/A20gUJ4B3O+YIeZ5CpGq2lyn5Xi2fFTaSXa4o5VX9G+N+ZD1g1ideRPa6t\nPAoPEPokcCdZYQCX22TqiEZqS0Aaq00hAIMpva/CmvgPiXWYLbndKFX+Jr9fNav8\nXhm5S7egs8g0L85j5zSwRKYm1+w62EWZyGj5E8FEaOsiVZjZyiOh4a8Ujf0gC91F\nupuUTdCTFjMhA08Bi4AZuRX6LByKrSbNGU5tMh433MbjPMSSM+E+GzpRAdxOyV9g\n98WiB1uEAvWoqaxsNuRzYxxgynNTcL83Hq0aIlpd6+BY3JhUhSLo9PfsGWECAwEA\nAQKCAgADw4543toict3vpXSa/Kf3GkxMEUHKPWkX11ymHcFhI/92d1dRjKedEAw2\nKtAYJaNK2qMpMr30cyH5aXb+7UfUuyTDCfYsd+6iL6gyO/lTVEhs9Pi4DJ0jddD3\n4Lm+KN0PfonSgLxateggr9P4NkqSGs2Pr1vdcrtWo0oyGzlWrQS0bjJAx8CmXEl2\nliXF54Mxidtk4ghj4xbab0MkftFyceSPuzYGgIwS2gohRrOwaQah89U+hRrLjVsF\nUWKt9ksgFk43lnt0/kgvTtmA5FAWi6DdJM059nTyRYKB9LiwK5cE0OxM/ZjSzCrl\n+ZM5MpjfFzqxT1zQudGvdSY49Hbfe2QMiEfIsX09nCCPkJyXsYyJR3k3HClJU190\nI7irifdm9fYtV1EMVXDwgHJ5O3u3S8n4Sryj2g97FsrbAF3I8GxFIr2nYTm2hCtB\nN+H93qrlkXMahx0EsoBH4/TuE4Esr5yQorbEqc//7Kg1CJ5STWWRDq/JgTh0K5gf\nn7qVqjdwzCynf4wcr7XReA0auhgsjPU3BkFfE2XwcKu3c8fAkN52Kb3pQwi7sobT\nWjwiOpgMBx1f7rY9fNwr+LzuKzaA6BwY/doy2+pOCzoMToWqGmSOG2sQaOqWjRPc\np4vKrekjY7nrfFoL8URS5quFF6AKzaokjsWzjj/Mz+Zb+0KjHQKCAQEAyQpGQTvq\nKk4+PCVqopuV03Gdd3c2vmyCHDqh6bJkKlXb3eZO1WT29t8Md6hA6k1y4daz+oG/\nVO/UTr7FljNJiNRaJuDOSqv75RMxywd4NdLRG2rDOSa2OFPzWA9riVAIsZzHoclg\n5XD8fIct/NgvoPcLiwOljXAGSXa6AmuLxw4mb5IdYw+RmhbPWR3zzIdLveI3aH1w\nWaf/ohXunwvKl0x5XWmqg9v6++4Wp18tnGWG/qsuj7Dp3TjISyb5ZlRVs/syxDsn\ntmS2qaRAscoHupijMjl4+Oh7W4aZR8foKwnP35SX65dncIBKS0Cqf7ygiL70XpB6\nJMRI2mHQmoFjzQKCAQEAxtBducTuNUuksgHOq1pCfg8Z+MRq4vFmXTWj8jdKspoB\nx7x4QGGlVEvnIjGonJ0y1r92MA+Hk60QZwDAJENP817wrjG1E1iXjVxPgBviVsOm\n1jKa0gGSDn2eTc+yQr0QSwFzCy/bsSQdpgrbmoMNl7XheDYkJpb1BtjGXUBqG1Q9\nCATA6ySGCt9DUU+XONmmBMyBBQ7I9IxoXPuOruOIrm06q9ASXrf5uVMYn9aNz/Jn\nBeIeHCBCRYhImr5E72a2X2gxvD/AkDJiPzcWrVBIqxcxpQShwv1WGMuQNERKBtJi\n/XmAb3ma3KZSFON+ben5m/8ZD83QRyKwzqoGi3gf5QKCAQA6Eb+tRBMlWShc0yn0\nAiDKzHyBb2veoRUL9luiVybbm6VAeS+4L8uuD0tYnL7zbp+KYCvoZeXQMN4QSMZl\n1jadUUkhBbpQk1DVIDA3xtaQJW7FDpeJQIdNyeH2Q636IaYBN5nqP3K/k1060wkT\niZZoVjN9WfZN3lfSjHq6DDp5qrqra3cVj/+slH4b7azoHQRhup/qjKERJJeQR+l/\nAzbncO11b/oS0E20y1a7zaAtFp5hnSx70MwcXDRukLllN2Lx89L8H2IfKwQgCBOv\nxv1ohoJNFZC9xNks3LoVo8aJ9/GVUSR4pmj4c/YBupIFB4UPOqj3T6AYUqIAglRw\n7ILZAoIBAQCpukbZiirGav5+TRavqI2tap0EiEKr3eRC3MFKzjNCCEJOzzJl3Da1\noVsAER7eHUHCnY97djaLNysSlEx0aNa/cSTNwXfRvUccklr4hlWTNtKeeHM9p8OW\nBV35FcAcQ6W+Ms2RFllaf/ejwg86eHlJNCf5ZVc1bpheMQAfqhcrn52+07gSxop8\ni5+/sc/q47xcym228KlURO3vu35TBcKxDmUROsAEBtH1ieAyzIsipNGY7zI/Vrbc\n/3zkRl05eBlnl98l09NEBw9i4lfEvA5dqZ5jP3INshMnddl1FXuRGVkTBgBEqq8v\ngfn/BTvw/9dterldiZousIn61KJjvLiVAoIBABPtCESUoqW9AkFXouh75Id708Tr\nhMNHWDm+Wvm0qTqRChCcWt7GbCYuTZ6TbZPFNU9QXILF/mEbzIySfiPesTZdBmmq\nxtUpmMUbAZ8KmkiYDooi9GQHEuvQeGHExknsEMT7lqSs2TiSnQus/EmDgwlT2bI2\nFfvXZr7nGvJ+CvMmpq501c/8Uf52IxHecfLkQ/Bu6GEewcwkk8kDjukv+mRgzkSj\nJanYmIYjl4d83O3LOOLpFs6KjlVZtCt1yhjZuxoWzts/L4TX9NNDYqos9/mXlQzj\nzWzeOP+ltAgTjFZ7mZAxEar3Wwyy1UjTPxSzfEkSqth6x+X7+Jc+BdWi9QY=\n-----END RSA PRIVATE KEY-----\n",
            "private_key_pem_pkcs8": "-----BEGIN PRIVATE KEY-----\nMIIJQgIBADANBgkqhkiG9w0BAQEFAASCCSwwggkoAgEAAoICAQCcIZRKJ/EyFQu1\nhyLzEPA0AGOMSiJnmWDlg4CcX8nPUOKZOamlLPowQhmpxmKlJm7GnXjrCpj2yrEq\nDSnvi1mzfSgQwLFVsUuKW0KQlrpqQf00CWZCn3Hasqhid4vpQGBqA198MeIfgP5F\n9uW+VmjtVQbztoaXhHENL5/evjgFPjArdotDqd4gUMW2/qP1rRTewDAwoBRnPT9K\nphjjDp0+EtLvJvF3CgSTF1EAJfbc/rlj5tzUDQOFy/+7Jb1u8sSU7Mfg5RGyv6JH\nKlrVBIwVEo06xxCHoAHYrDTKXQfhsNK1tiiTU4MHHVHBc1wXyjdIs7bm7yfAzTOV\nyXpP2+SBcwtHXS33plTqpV+oAGmBb+hq2huP6/CL8DbSBQngHc75gh5nkKkaraXK\nfleLZ8VNpJdrijlVf0b435kPWDWJ15E9rq08Cg8Q+iRwJ1lhAJfbZOqIRmpLQBqr\nTSEAgym9r8Ka+A+JdZgtud0oVf4mv181q/xeGblLt6CzyDQvzmPnNLBEpibX7DrY\nRZnIaPkTwURo6yJVmNnKI6HhrxSN/SAL3UW6m5RN0JMWMyEDTwGLgBm5FfosHIqt\nJs0ZTm0yHjfcxuM8xJIz4T4bOlEB3E7JX2D3xaIHW4QC9aiprGw25HNjHGDKc1Nw\nvzcerRoiWl3r4FjcmFSFIuj09+wZYQIDAQABAoICAAPDjnje2iJy3e+ldJr8p/ca\nTEwRQco9aRfXXKYdwWEj/3Z3V1GMp50QDDYq0Bglo0raoykyvfRzIflpdv7tR9S7\nJMMJ9ix37qIvqDI7+VNUSGz0+LgMnSN10Pfgub4o3Q9+idKAvFq16CCv0/g2SpIa\nzY+vW91yu1ajSjIbOVatBLRuMkDHwKZcSXaWJcXngzGJ22TiCGPjFtpvQyR+0XJx\n5I+7NgaAjBLaCiFGs7BpBqHz1T6FGsuNWwVRYq32SyAWTjeWe3T+SC9O2YDkUBaL\noN0kzTn2dPJFgoH0uLArlwTQ7Ez9mNLMKuX5kzkymN8XOrFPXNC50a91Jjj0dt97\nZAyIR8ixfT2cII+QnJexjIlHeTccKUlTX3QjuKuJ92b19i1XUQxVcPCAcnk7e7dL\nyfhKvKPaD3sWytsAXcjwbEUivadhObaEK0E34f3equWRcxqHHQSygEfj9O4TgSyv\nnJCitsSpz//sqDUInlJNZZEOr8mBOHQrmB+fupWqN3DMLKd/jByvtdF4DRq6GCyM\n9TcGQV8TZfBwq7dzx8CQ3nYpvelDCLuyhtNaPCI6mAwHHV/utj183Cv4vO4rNoDo\nHBj92jLb6k4LOgxOhaoaZI4baxBo6paNE9yni8qt6SNjuet8WgvxRFLmq4UXoArN\nqiSOxbOOP8zP5lv7QqMdAoIBAQDJCkZBO+oqTj48JWqim5XTcZ13dza+bIIcOqHp\nsmQqVdvd5k7VZPb23wx3qEDqTXLh1rP6gb9U79ROvsWWM0mI1Fom4M5Kq/vlEzHL\nB3g10tEbasM5JrY4U/NYD2uJUAixnMehyWDlcPx8hy382C+g9wuLA6WNcAZJdroC\na4vHDiZvkh1jD5GaFs9ZHfPMh0u94jdofXBZp/+iFe6fC8qXTHldaaqD2/r77han\nXy2cZYb+qy6PsOndOMhLJvlmVFWz+zLEOye2ZLappECxyge6mKMyOXj46HtbhplH\nx+grCc/flJfrl2dwgEpLQKp/vKCIvvRekHokxEjaYdCagWPNAoIBAQDG0F25xO41\nS6SyAc6rWkJ+Dxn4xGri8WZdNaPyN0qymgHHvHhAYaVUS+ciMaicnTLWv3YwD4eT\nrRBnAMAkQ0/zXvCuMbUTWJeNXE+AG+JWw6bWMprSAZIOfZ5Nz7JCvRBLAXMLL9ux\nJB2mCtuagw2XteF4NiQmlvUG2MZdQGobVD0IBMDrJIYK30NRT5c42aYEzIEFDsj0\njGhc+46u44iubTqr0BJet/m5Uxif1o3P8mcF4h4cIEJFiEiavkTvZrZfaDG8P8CQ\nMmI/NxatUEirFzGlBKHC/VYYy5A0REoG0mL9eYBveZrcplIU435t6fmb/xkPzdBH\nIrDOqgaLeB/lAoIBADoRv61EEyVZKFzTKfQCIMrMfIFva96hFQv2W6JXJtubpUB5\nL7gvy64PS1icvvNun4pgK+hl5dAw3hBIxmXWNp1RSSEFulCTUNUgMDfG1pAlbsUO\nl4lAh03J4fZDrfohpgE3meo/cr+TXTrTCROJlmhWM31Z9k3eV9KMeroMOnmquqtr\ndxWP/6yUfhvtrOgdBGG6n+qMoREkl5BH6X8DNudw7XVv+hLQTbTLVrvNoC0WnmGd\nLHvQzBxcNG6QuWU3YvHz0vwfYh8rBCAIE6/G/WiGgk0VkL3E2SzcuhWjxon38ZVR\nJHimaPhz9gG6kgUHhQ86qPdPoBhSogCCVHDsgtkCggEBAKm6RtmKKsZq/n5NFq+o\nja1qnQSIQqvd5ELcwUrOM0IIQk7PMmXcNrWhWwARHt4dQcKdj3t2Nos3KxKUTHRo\n1r9xJM3Bd9G9RxySWviGVZM20p54cz2nw5YFXfkVwBxDpb4yzZEWWVp/96PCDzp4\neUk0J/llVzVumF4xAB+qFyufnb7TuBLGinyLn7+xz+rjvFzKbbbwqVRE7e+7flMF\nwrEOZRE6wAQG0fWJ4DLMiyKk0ZjvMj9Wttz/fORGXTl4GWeX3yXT00QHD2LiV8S8\nDl2pnmM/cg2yEyd12XUVe5EZWRMGAESqry+B+f8FO/D/1216uV2Jmi6wifrUomO8\nuJUCggEAE+0IRJSipb0CQVei6Hvkh3vTxOuEw0dYOb5a+bSpOpEKEJxa3sZsJi5N\nnpNtk8U1T1BcgsX+YRvMjJJ+I96xNl0GaarG1SmYxRsBnwqaSJgOiiL0ZAcS69B4\nYcTGSewQxPuWpKzZOJKdC6z8SYODCVPZsjYV+9dmvuca8n4K8yamrnTVz/xR/nYj\nEd5x8uRD8G7oYR7BzCSTyQOO6S/6ZGDORKMlqdiYhiOXh3zc7cs44ukWzoqOVVm0\nK3XKGNm7GhbO2z8vhNf000Niqiz3+ZeVDOPNbN44/6W0CBOMVnuZkDERqvdbDLLV\nSNM/FLN8SRKq2HrH5fv4lz4F1aL1Bg==\n-----END PRIVATE KEY-----\n",
            "public_key_fingerprint_md5": "0b:f1:57:f5:6d:54:23:34:e9:49:5a:9e:79:30:e2:36",
            "public_key_fingerprint_sha256": "SHA256:uBC3Rtj6xZ7Nw2xR7osRoJt+n+9nPYeKnUmBTUk01fg",
            "public_key_openssh": "ssh-rsa AAAAB3NzaC1yc2EAAAADAQABAAACAQCcIZRKJ/EyFQu1hyLzEPA0AGOMSiJnmWDlg4CcX8nPUOKZOamlLPowQhmpxmKlJm7GnXjrCpj2yrEqDSnvi1mzfSgQwLFVsUuKW0KQlrpqQf00CWZCn3Hasqhid4vpQGBqA198MeIfgP5F9uW+VmjtVQbztoaXhHENL5/evjgFPjArdotDqd4gUMW2/qP1rRTewDAwoBRnPT9KphjjDp0+EtLvJvF3CgSTF1EAJfbc/rlj5tzUDQOFy/+7Jb1u8sSU7Mfg5RGyv6JHKlrVBIwVEo06xxCHoAHYrDTKXQfhsNK1tiiTU4MHHVHBc1wXyjdIs7bm7yfAzTOVyXpP2+SBcwtHXS33plTqpV+oAGmBb+hq2huP6/CL8DbSBQngHc75gh5nkKkaraXKfleLZ8VNpJdrijlVf0b435kPWDWJ15E9rq08Cg8Q+iRwJ1lhAJfbZOqIRmpLQBqrTSEAgym9r8Ka+A+JdZgtud0oVf4mv181q/xeGblLt6CzyDQvzmPnNLBEpibX7DrYRZnIaPkTwURo6yJVmNnKI6HhrxSN/SAL3UW6m5RN0JMWMyEDTwGLgBm5FfosHIqtJs0ZTm0yHjfcxuM8xJIz4T4bOlEB3E7JX2D3xaIHW4QC9aiprGw25HNjHGDKc1NwvzcerRoiWl3r4FjcmFSFIuj09+wZYQ==\n",
            "public_key_pem": "-----BEGIN PUBLIC KEY-----\nMIICIjANBgkqhkiG9w0BAQEFAAOCAg8AMIICCgKCAgEAnCGUSifxMhULtYci8xDw\nNABjjEoiZ5lg5YOAnF/Jz1DimTmppSz6MEIZqcZipSZuxp146wqY9sqxKg0p74tZ\ns30oEMCxVbFLiltCkJa6akH9NAlmQp9x2rKoYneL6UBgagNffDHiH4D+RfblvlZo\n7VUG87aGl4RxDS+f3r44BT4wK3aLQ6neIFDFtv6j9a0U3sAwMKAUZz0/SqYY4w6d\nPhLS7ybxdwoEkxdRACX23P65Y+bc1A0Dhcv/uyW9bvLElOzH4OURsr+iRypa1QSM\nFRKNOscQh6AB2Kw0yl0H4bDStbYok1ODBx1RwXNcF8o3SLO25u8nwM0zlcl6T9vk\ngXMLR10t96ZU6qVfqABpgW/oatobj+vwi/A20gUJ4B3O+YIeZ5CpGq2lyn5Xi2fF\nTaSXa4o5VX9G+N+ZD1g1ideRPa6tPAoPEPokcCdZYQCX22TqiEZqS0Aaq00hAIMp\nva/CmvgPiXWYLbndKFX+Jr9fNav8Xhm5S7egs8g0L85j5zSwRKYm1+w62EWZyGj5\nE8FEaOsiVZjZyiOh4a8Ujf0gC91FupuUTdCTFjMhA08Bi4AZuRX6LByKrSbNGU5t\nMh433MbjPMSSM+E+GzpRAdxOyV9g98WiB1uEAvWoqaxsNuRzYxxgynNTcL83Hq0a\nIlpd6+BY3JhUhSLo9PfsGWECAwEAAQ==\n-----END PUBLIC KEY-----\n",
            "rsa_bits": 4096
          },
          "sensitive_attributes": [
            [
              {
                "type": "get_attr",
                "value": "private_key_openssh"
              }
            ],
            [
              {
                "type": "get_attr",
                "value": "private_key_pem"
              }
            ],
            [
              {
                "type": "get_attr",
                "value": "private_key_pem_pkcs8"
              }
            ]
          ],
          "identity_schema_version": 0,
          "create_before_destroy": true
        }
      ]
    }
  ],
  "check_results": null
}
